{
    "_readme": [
        "This file locks the dependencies of your project to a known state",
        "Read more about it at http://getcomposer.org/doc/01-basic-usage.md#composer-lock-the-lock-file"
    ],
    "hash": "60661cb42aa45c767e95db4d58f56ce1",
    "packages": [
        {
            "name": "symfony/css-selector",
            "version": "2.3.x-dev",
            "target-dir": "Symfony/Component/CssSelector",
            "source": {
                "type": "git",
                "url": "https://github.com/symfony/CssSelector.git",
                "reference": "a7450fde13926ab5b796f7884a05e91372dcbccc"
            },
            "dist": {
                "type": "zip",
                "url": "https://api.github.com/repos/symfony/CssSelector/zipball/a7450fde13926ab5b796f7884a05e91372dcbccc",
                "reference": "a7450fde13926ab5b796f7884a05e91372dcbccc",
                "shasum": ""
            },
            "require": {
                "php": ">=5.3.3"
            },
            "type": "library",
            "extra": {
                "branch-alias": {
                    "dev-master": "2.3-dev"
                }
            },
            "autoload": {
                "psr-0": {
                    "Symfony\\Component\\CssSelector\\": ""
                }
            },
            "notification-url": "https://packagist.org/downloads/",
            "license": [
                "MIT"
            ],
            "authors": [
                {
                    "name": "Fabien Potencier",
                    "email": "fabien@symfony.com",
                    "homepage": "http://fabien.potencier.org",
                    "role": "Lead Developer"
                },
                {
                    "name": "Symfony Community",
                    "homepage": "http://symfony.com/contributors"
                },
                {
                    "name": "Jean-François Simon",
                    "email": "jeanfrancois.simon@sensiolabs.com"
                }
            ],
            "description": "Symfony CssSelector Component",
            "homepage": "http://symfony.com",
            "time": "2014-02-11 10:29:24"
        },
        {
            "name": "symfony/dom-crawler",
            "version": "dev-master",
            "target-dir": "Symfony/Component/DomCrawler",
            "source": {
                "type": "git",
                "url": "https://github.com/symfony/DomCrawler.git",
                "reference": "08f321b9b25ab5758235563e375d27dc6d20abbb"
            },
            "dist": {
                "type": "zip",
                "url": "https://api.github.com/repos/symfony/DomCrawler/zipball/08f321b9b25ab5758235563e375d27dc6d20abbb",
                "reference": "08f321b9b25ab5758235563e375d27dc6d20abbb",
                "shasum": ""
            },
            "require": {
                "php": ">=5.3.3"
            },
            "require-dev": {
                "symfony/css-selector": "~2.0"
            },
            "suggest": {
                "symfony/css-selector": ""
            },
            "type": "library",
            "extra": {
                "branch-alias": {
                    "dev-master": "2.5-dev"
                }
            },
            "autoload": {
                "psr-0": {
                    "Symfony\\Component\\DomCrawler\\": ""
                }
            },
            "notification-url": "https://packagist.org/downloads/",
            "license": [
                "MIT"
            ],
            "authors": [
                {
                    "name": "Fabien Potencier",
                    "email": "fabien@symfony.com",
                    "homepage": "http://fabien.potencier.org",
                    "role": "Lead Developer"
                },
                {
                    "name": "Symfony Community",
                    "homepage": "http://symfony.com/contributors"
                }
            ],
            "description": "Symfony DomCrawler Component",
            "homepage": "http://symfony.com",
            "time": "2014-02-18 16:30:05"
        },
        {
            "name": "webb4you/dom-selector",
            "version": "dev-master",
            "source": {
                "type": "git",
                "url": "https://github.com/webb4you/DomSelector.git",
                "reference": "5904a73f1c6916c85aa89d1f563adc1a631ed323"
            },
            "dist": {
                "type": "zip",
                "url": "https://api.github.com/repos/webb4you/DomSelector/zipball/5904a73f1c6916c85aa89d1f563adc1a631ed323",
                "reference": "5904a73f1c6916c85aa89d1f563adc1a631ed323",
                "shasum": ""
            },
            "require": {
                "symfony/css-selector": "2.3.*@dev",
                "symfony/dom-crawler": "2.5.*@dev"
            },
            "type": "library",
            "autoload": {
                "psr-0": {
                    "W4Y\\Dom": "src"
                }
            },
            "authors": [
                {
                    "name": "Ilan Rivers",
                    "email": "ilan@webb4you.com"
                }
            ],
            "support": {
                "source": "https://github.com/webb4you/DomSelector/tree/master",
                "issues": "https://github.com/webb4you/DomSelector/issues"
            },
            "time": "2014-02-27 14:55:26"
        },
        {
            "name": "zendframework/zend-debug",
            "version": "dev-develop",
            "target-dir": "Zend/Debug",
            "source": {
                "type": "git",
                "url": "https://github.com/zendframework/Component_ZendDebug.git",
                "reference": "02d4420dd30dc64b03f25f6b4270d477c725c45e"
            },
            "dist": {
                "type": "zip",
                "url": "https://api.github.com/repos/zendframework/Component_ZendDebug/zipball/02d4420dd30dc64b03f25f6b4270d477c725c45e",
                "reference": "02d4420dd30dc64b03f25f6b4270d477c725c45e",
                "shasum": ""
            },
            "require": {
                "php": ">=5.3.3"
            },
            "require-dev": {
                "zendframework/zend-escaper": "*"
            },
            "suggest": {
                "ext/xdebug": "XDebug, for better backtrace output",
                "zendframework/zend-escaper": "To support escaped output"
            },
            "type": "library",
            "extra": {
                "branch-alias": {
                    "dev-master": "2.2-dev",
                    "dev-develop": "2.3-dev"
                }
            },
            "autoload": {
                "psr-0": {
                    "Zend\\Debug\\": ""
                }
            },
            "notification-url": "https://packagist.org/downloads/",
            "license": [
                "BSD-3-Clause"
            ],
            "keywords": [
                "debug",
                "zf2"
            ],
            "time": "2014-01-02 17:00:25"
        },
        {
            "name": "zendframework/zend-escaper",
            "version": "dev-develop",
            "target-dir": "Zend/Escaper",
            "source": {
                "type": "git",
                "url": "https://github.com/zendframework/Component_ZendEscaper.git",
                "reference": "8b19a7f81fa0e56f6b8372442a06fb0a02c11864"
            },
            "dist": {
                "type": "zip",
                "url": "https://api.github.com/repos/zendframework/Component_ZendEscaper/zipball/8b19a7f81fa0e56f6b8372442a06fb0a02c11864",
                "reference": "8b19a7f81fa0e56f6b8372442a06fb0a02c11864",
                "shasum": ""
            },
            "require": {
                "php": ">=5.3.3"
            },
            "type": "library",
            "extra": {
                "branch-alias": {
                    "dev-master": "2.2-dev",
                    "dev-develop": "2.3-dev"
                }
            },
            "autoload": {
                "psr-0": {
                    "Zend\\Escaper\\": ""
                }
            },
            "notification-url": "https://packagist.org/downloads/",
            "license": [
                "BSD-3-Clause"
            ],
            "keywords": [
                "escaper",
                "zf2"
            ],
            "time": "2014-01-04 13:01:01"
        },
        {
            "name": "zendframework/zend-http",
            "version": "dev-develop",
            "target-dir": "Zend/Http",
            "source": {
                "type": "git",
                "url": "https://github.com/zendframework/Component_ZendHttp.git",
                "reference": "53269499e24a2bd434ddc5742ace2134ea1f88a3"
            },
            "dist": {
                "type": "zip",
                "url": "https://api.github.com/repos/zendframework/Component_ZendHttp/zipball/53269499e24a2bd434ddc5742ace2134ea1f88a3",
                "reference": "53269499e24a2bd434ddc5742ace2134ea1f88a3",
                "shasum": ""
            },
            "require": {
                "php": ">=5.3.3",
                "zendframework/zend-loader": "self.version",
                "zendframework/zend-stdlib": "self.version",
                "zendframework/zend-uri": "self.version",
                "zendframework/zend-validator": "self.version"
            },
            "type": "library",
            "extra": {
                "branch-alias": {
                    "dev-master": "2.2-dev",
                    "dev-develop": "2.3-dev"
                }
            },
            "autoload": {
                "psr-0": {
                    "Zend\\Http\\": ""
                }
            },
            "notification-url": "https://packagist.org/downloads/",
            "license": [
                "BSD-3-Clause"
            ],
            "description": "provides an easy interface for performing Hyper-Text Transfer Protocol (HTTP) requests",
            "keywords": [
                "http",
                "zf2"
            ],
            "time": "2014-02-23 15:00:07"
        },
        {
            "name": "zendframework/zend-loader",
            "version": "dev-develop",
            "target-dir": "Zend/Loader",
            "source": {
                "type": "git",
                "url": "https://github.com/zendframework/Component_ZendLoader.git",
                "reference": "7bd8623627f119a318e248c9c4580f146911cbc6"
            },
            "dist": {
                "type": "zip",
                "url": "https://api.github.com/repos/zendframework/Component_ZendLoader/zipball/7bd8623627f119a318e248c9c4580f146911cbc6",
                "reference": "7bd8623627f119a318e248c9c4580f146911cbc6",
                "shasum": ""
            },
            "require": {
                "php": ">=5.3.3"
            },
            "type": "library",
            "extra": {
                "branch-alias": {
                    "dev-master": "2.2-dev",
                    "dev-develop": "2.3-dev"
                }
            },
            "autoload": {
                "psr-0": {
                    "Zend\\Loader\\": ""
                }
            },
            "notification-url": "https://packagist.org/downloads/",
            "license": [
                "BSD-3-Clause"
            ],
            "keywords": [
                "loader",
                "zf2"
            ],
            "time": "2014-01-02 17:00:39"
        },
        {
            "name": "zendframework/zend-stdlib",
            "version": "dev-develop",
            "target-dir": "Zend/Stdlib",
            "source": {
                "type": "git",
                "url": "https://github.com/zendframework/Component_ZendStdlib.git",
                "reference": "26a2e1ceef446ac44b742c6fc26b3f18f0efdd2c"
            },
            "dist": {
                "type": "zip",
                "url": "https://api.github.com/repos/zendframework/Component_ZendStdlib/zipball/26a2e1ceef446ac44b742c6fc26b3f18f0efdd2c",
                "reference": "26a2e1ceef446ac44b742c6fc26b3f18f0efdd2c",
                "shasum": ""
            },
            "require": {
                "php": ">=5.3.3"
            },
            "require-dev": {
                "zendframework/zend-eventmanager": "self.version",
                "zendframework/zend-serializer": "self.version",
                "zendframework/zend-servicemanager": "self.version"
            },
            "suggest": {
                "zendframework/zend-eventmanager": "To support aggregate hydrator usage",
                "zendframework/zend-serializer": "Zend\\Serializer component",
                "zendframework/zend-servicemanager": "To support hydrator plugin manager usage"
            },
            "type": "library",
            "extra": {
                "branch-alias": {
                    "dev-master": "2.2-dev",
                    "dev-develop": "2.3-dev"
                }
            },
            "autoload": {
                "psr-0": {
                    "Zend\\Stdlib\\": ""
                }
            },
            "notification-url": "https://packagist.org/downloads/",
            "license": [
                "BSD-3-Clause"
            ],
            "keywords": [
                "stdlib",
                "zf2"
            ],
            "time": "2014-01-04 13:01:20"
        },
        {
            "name": "zendframework/zend-uri",
            "version": "dev-develop",
            "target-dir": "Zend/Uri",
            "source": {
                "type": "git",
                "url": "https://github.com/zendframework/Component_ZendUri.git",
                "reference": "b45a8f68e8d87dc3edc6d3b5b88e858bacdaec1c"
            },
            "dist": {
                "type": "zip",
                "url": "https://api.github.com/repos/zendframework/Component_ZendUri/zipball/b45a8f68e8d87dc3edc6d3b5b88e858bacdaec1c",
                "reference": "b45a8f68e8d87dc3edc6d3b5b88e858bacdaec1c",
                "shasum": ""
            },
            "require": {
                "php": ">=5.3.3",
                "zendframework/zend-escaper": "self.version",
                "zendframework/zend-validator": "self.version"
            },
            "type": "library",
            "extra": {
                "branch-alias": {
                    "dev-master": "2.2-dev",
                    "dev-develop": "2.3-dev"
                }
            },
            "autoload": {
                "psr-0": {
                    "Zend\\Uri\\": ""
                }
            },
            "notification-url": "https://packagist.org/downloads/",
            "license": [
                "BSD-3-Clause"
            ],
            "description": "a component that aids in manipulating and validating » Uniform Resource Identifiers (URIs)",
            "keywords": [
                "uri",
                "zf2"
            ],
            "time": "2014-01-04 13:01:11"
        },
        {
            "name": "zendframework/zend-validator",
            "version": "dev-develop",
            "target-dir": "Zend/Validator",
            "source": {
                "type": "git",
                "url": "https://github.com/zendframework/Component_ZendValidator.git",
                "reference": "29bd2ec04430acc714ea2a1ff0060f22a868a672"
            },
            "dist": {
                "type": "zip",
                "url": "https://api.github.com/repos/zendframework/Component_ZendValidator/zipball/29bd2ec04430acc714ea2a1ff0060f22a868a672",
                "reference": "29bd2ec04430acc714ea2a1ff0060f22a868a672",
                "shasum": ""
            },
            "require": {
                "php": ">=5.3.3",
                "zendframework/zend-stdlib": "self.version"
            },
            "require-dev": {
                "zendframework/zend-db": "self.version",
                "zendframework/zend-filter": "self.version",
                "zendframework/zend-i18n": "self.version",
                "zendframework/zend-math": "self.version",
                "zendframework/zend-servicemanager": "self.version",
                "zendframework/zend-session": "self.version",
                "zendframework/zend-uri": "self.version"
            },
            "suggest": {
                "zendframework/zend-db": "Zend\\Db component",
                "zendframework/zend-filter": "Zend\\Filter component, required by the Digits validator",
                "zendframework/zend-i18n": "Zend\\I18n component to allow translation of validation error messages as well as to use the various Date validators",
                "zendframework/zend-math": "Zend\\Math component",
                "zendframework/zend-resources": "Translations of validator messages",
                "zendframework/zend-servicemanager": "Zend\\ServiceManager component to allow using the ValidatorPluginManager and validator chains",
                "zendframework/zend-session": "Zend\\Session component",
                "zendframework/zend-uri": "Zend\\Uri component, required by the Uri and Sitemap\\Loc validators"
            },
            "type": "library",
            "extra": {
                "branch-alias": {
                    "dev-master": "2.2-dev",
                    "dev-develop": "2.3-dev"
                }
            },
            "autoload": {
                "psr-0": {
                    "Zend\\Validator\\": ""
                }
            },
            "notification-url": "https://packagist.org/downloads/",
            "license": [
                "BSD-3-Clause"
            ],
            "description": "provides a set of commonly needed validators",
            "keywords": [
                "validator",
                "zf2"
            ],
            "time": "2014-02-03 23:00:11"
        }
    ],
    "packages-dev": [

    ],
    "aliases": [

    ],
    "minimum-stability": "dev",
    "stability-flags": [

    ],
    "platform": [

    ],
    "platform-dev": [

    ]
}
